{
  "nodes": {
    "cachix": {
      "locked": {
        "lastModified": 1619792299,
        "narHash": "sha256-hpg6wU0QLcNXj5/Nj8NT4p97R9SUGR8RBwjYNsMSKng=",
        "owner": "nixos",
        "repo": "nixpkgs",
        "rev": "be58d0fbaa401922a090735edfc08442aed69b47",
        "type": "github"
      },
      "original": {
        "owner": "nixos",
        "ref": "nixos-20.09",
        "repo": "nixpkgs",
        "type": "github"
      }
    },
    "cs2110-nix": {
      "inputs": {
        "flake-utils": "flake-utils",
        "nixpkgs": [
          "nixpkgs"
        ]
      },
      "locked": {
        "lastModified": 1621397388,
        "narHash": "sha256-mD5AisOSdlmIXS+VFe6DM+tU+fldyHUOYsDJ/4K8WN4=",
        "owner": "nprindle",
        "repo": "cs2110-nix",
        "rev": "a174c140890a4d2a0b6fec888f834444f68a7c2e",
        "type": "github"
      },
      "original": {
        "owner": "nprindle",
        "repo": "cs2110-nix",
        "type": "github"
      }
    },
    "fenix": {
      "inputs": {
        "naersk": [
          "naersk"
        ],
        "nixpkgs": [
          "nixpkgs"
        ],
        "rust-analyzer-src": "rust-analyzer-src"
      },
      "locked": {
        "lastModified": 1621911636,
        "narHash": "sha256-tnrvke5lu5ArUaeRk0V4TlcPFvSc6B/jM9puLX77s78=",
        "owner": "nix-community",
        "repo": "fenix",
        "rev": "5b85f120ba28d8a1f8350a76ea2d6aa310938be3",
        "type": "github"
      },
      "original": {
        "owner": "nix-community",
        "repo": "fenix",
        "type": "github"
      }
    },
    "fenix_2": {
      "inputs": {
        "naersk": [
          "naersk"
        ],
        "nixpkgs": [
          "nixpkgs"
        ],
        "rust-analyzer-src": "rust-analyzer-src_2"
      },
      "locked": {
        "lastModified": 1621046791,
        "narHash": "sha256-kSyaZCo2aECwS3c7eXhknXvR+XQigjxBlaRYhfVH2uc=",
        "owner": "nix-community",
        "repo": "fenix",
        "rev": "fffd864ad08ed95fcb66554513fa07a5f3d626b5",
        "type": "github"
      },
      "original": {
        "owner": "nix-community",
        "repo": "fenix",
        "type": "github"
      }
    },
    "flake-utils": {
      "locked": {
        "lastModified": 1614513358,
        "narHash": "sha256-LakhOx3S1dRjnh0b5Dg3mbZyH0ToC9I8Y2wKSkBaTzU=",
        "owner": "numtide",
        "repo": "flake-utils",
        "rev": "5466c5bbece17adaab2d82fae80b46e807611bf3",
        "type": "github"
      },
      "original": {
        "owner": "numtide",
        "repo": "flake-utils",
        "type": "github"
      }
    },
    "flake-utils_2": {
      "locked": {
        "lastModified": 1620759905,
        "narHash": "sha256-WiyWawrgmyN0EdmiHyG2V+fqReiVi8bM9cRdMaKQOFg=",
        "owner": "numtide",
        "repo": "flake-utils",
        "rev": "b543720b25df6ffdfcf9227afafc5b8c1fabfae8",
        "type": "github"
      },
      "original": {
        "owner": "numtide",
        "repo": "flake-utils",
        "type": "github"
      }
    },
    "flake-utils_3": {
      "locked": {
        "lastModified": 1610051610,
        "narHash": "sha256-U9rPz/usA1/Aohhk7Cmc2gBrEEKRzcW4nwPWMPwja4Y=",
        "owner": "numtide",
        "repo": "flake-utils",
        "rev": "3982c9903e93927c2164caa727cd3f6a0e6d14cc",
        "type": "github"
      },
      "original": {
        "owner": "numtide",
        "repo": "flake-utils",
        "type": "github"
      }
    },
    "flake-utils_4": {
      "locked": {
        "lastModified": 1619345332,
        "narHash": "sha256-qHnQkEp1uklKTpx3MvKtY6xzgcqXDsz5nLilbbuL+3A=",
        "owner": "numtide",
        "repo": "flake-utils",
        "rev": "2ebf2558e5bf978c7fb8ea927dfaed8fefab2e28",
        "type": "github"
      },
      "original": {
        "owner": "numtide",
        "repo": "flake-utils",
        "type": "github"
      }
    },
    "forgit-git": {
      "flake": false,
      "locked": {
        "lastModified": 1617927750,
        "narHash": "sha256-a7wjuqXe3+y5zlgSLk5J31WoORbieFimvtr0FQHRY5M=",
        "owner": "wfxr",
        "repo": "forgit",
        "rev": "7806fc3ab37ac479c315eb54b164f67ba9ed17ea",
        "type": "github"
      },
      "original": {
        "owner": "wfxr",
        "repo": "forgit",
        "type": "github"
      }
    },
    "gytis": {
      "inputs": {
        "forgit-git": "forgit-git",
        "home-manager": "home-manager",
        "lightcord-git": "lightcord-git",
        "neovim": "neovim",
        "nixpkgs": [
          "nixpkgs"
        ],
        "nixpkgs-2009": "nixpkgs-2009",
        "nixpkgs-mozilla": "nixpkgs-mozilla",
        "nixpkgs-wayland": "nixpkgs-wayland",
        "nur": "nur",
        "utils": "utils"
      },
      "locked": {
        "lastModified": 1620310406,
        "narHash": "sha256-Xf1PP30YLFkZmiQiKxi5uxe9bPeGKRKtpCaFAlzuIF0=",
        "owner": "gytis-ivaskevicius",
        "repo": "nixfiles",
        "rev": "70cb6078a2cfa523d5a79938bbbeaa40357a0206",
        "type": "github"
      },
      "original": {
        "owner": "gytis-ivaskevicius",
        "repo": "nixfiles",
        "type": "github"
      }
    },
    "home-manager": {
      "inputs": {
        "nixpkgs": [
          "nixpkgs"
        ]
      },
      "locked": {
        "lastModified": 1619884579,
        "narHash": "sha256-tkvPHzE5eYhBIqwAIQE0t1K87uh8QhlWmn8F83rSC+s=",
        "owner": "nix-community",
        "repo": "home-manager",
        "rev": "614a5b55bf46673c174dd3775e7fb1d6f9e14dfa",
        "type": "github"
      },
      "original": {
        "owner": "nix-community",
        "repo": "home-manager",
        "type": "github"
      }
    },
    "home-manager_2": {
      "inputs": {
        "nixpkgs": [
          "nixpkgs"
        ]
      },
      "locked": {
        "lastModified": 1621794721,
        "narHash": "sha256-JXfTSZUu9EVbT9D/MFsx0cXfa8bw1NFCzIxZ7gO73Uo=",
        "owner": "rycee",
        "repo": "home-manager",
        "rev": "90493027e33ba9eb3f50dc1da365d0e4ca31bf14",
        "type": "github"
      },
      "original": {
        "owner": "rycee",
        "repo": "home-manager",
        "type": "github"
      }
    },
    "lightcord-git": {
      "flake": false,
      "locked": {
        "lastModified": 1619707271,
        "narHash": "sha256-SzFXTYfW0aAcsa7quO6EgFiCV5EsdujudvKqbhF4u5s=",
        "owner": "Lightcord",
        "repo": "Lightcord",
        "rev": "f150671a83d15ffbcfe18e813dd88218aca6eab6",
        "type": "github"
      },
      "original": {
        "owner": "Lightcord",
        "repo": "Lightcord",
        "type": "github"
      }
    },
    "naersk": {
      "inputs": {
        "nixpkgs": [
          "nixpkgs"
        ]
      },
      "locked": {
        "lastModified": 1620316130,
        "narHash": "sha256-sU0VS5oJS1FsHsZsLELAXc7G2eIelVuucRw+q5B1x9k=",
        "owner": "nmattia",
        "repo": "naersk",
        "rev": "a3f40fe42cc6d267ff7518fa3199e99ff1444ac4",
        "type": "github"
      },
      "original": {
        "owner": "nmattia",
        "repo": "naersk",
        "type": "github"
      }
    },
    "naersk_2": {
      "inputs": {
        "nixpkgs": [
          "nixpkgs"
        ]
      },
      "locked": {
        "lastModified": 1620316130,
        "narHash": "sha256-sU0VS5oJS1FsHsZsLELAXc7G2eIelVuucRw+q5B1x9k=",
        "owner": "nmattia",
        "repo": "naersk",
        "rev": "a3f40fe42cc6d267ff7518fa3199e99ff1444ac4",
        "type": "github"
      },
      "original": {
        "owner": "nmattia",
        "repo": "naersk",
        "type": "github"
      }
    },
    "neovim": {
      "inputs": {
        "flake-utils": "flake-utils_3",
        "nixpkgs": [
          "nixpkgs"
        ]
      },
      "locked": {
        "dir": "contrib",
        "lastModified": 1619881025,
        "narHash": "sha256-xsVXekb0AmDNpGGeM/dGLQwrIHKMT/V1oCWPt+Jf6kM=",
        "owner": "neovim",
        "repo": "neovim",
        "rev": "ef81999f4ef45a12fbd8900aff92465f6acc7c25",
        "type": "github"
      },
      "original": {
        "dir": "contrib",
        "owner": "neovim",
        "repo": "neovim",
        "type": "github"
      }
    },
    "neovim-git": {
      "flake": false,
      "locked": {
        "lastModified": 1621889954,
        "narHash": "sha256-IxUla/vJu1h0Dlx1j++8ymkXpZA57eGBvjU4WU7+kw0=",
        "owner": "neovim",
        "repo": "neovim",
        "rev": "a282a177d3320db25fa8f854cbcdbe0bc6abde7f",
        "type": "github"
      },
      "original": {
        "owner": "neovim",
        "repo": "neovim",
        "type": "github"
      }
    },
    "nix-autobahn": {
      "inputs": {
        "fenix": "fenix_2",
        "flake-utils": [
          "flake-utils"
        ],
        "naersk": "naersk_2",
        "nixpkgs": [
          "nixpkgs"
        ]
      },
      "locked": {
        "lastModified": 1621064935,
        "narHash": "sha256-xnVaWh8z59l2dYkcNWTN1qfBSZYlzlKa0dqQGtZIAfI=",
        "owner": "nprindle",
        "repo": "nix-autobahn",
        "rev": "4c8e04192b8ef59fe27574d4000d9bb93fdc045b",
        "type": "github"
      },
      "original": {
        "owner": "nprindle",
        "repo": "nix-autobahn",
        "type": "github"
      }
    },
    "nix-bundle": {
      "inputs": {
        "nixpkgs": "nixpkgs"
      },
      "locked": {
        "lastModified": 1611183327,
        "narHash": "sha256-3HN8pNxH8v+37z9L1Hr6WeyliOEDiN8F2eqAC1ICONM=",
        "owner": "matthewbauer",
        "repo": "nix-bundle",
        "rev": "8e396533ef8f3e8a769037476824d668409b4a74",
        "type": "github"
      },
      "original": {
        "owner": "matthewbauer",
        "repo": "nix-bundle",
        "type": "github"
      }
    },
    "nix-cron": {
      "inputs": {
        "nixpkgs": [
          "nixpkgs"
        ]
      },
      "locked": {
        "lastModified": 1620578716,
        "narHash": "sha256-v+FC0RBEODyWg9JEVuyWnseXfkdlDZAppW23v7CKHoE=",
        "owner": "nprindle",
        "repo": "nix-cron",
        "rev": "8eae3285008591d6540b669a2789a2cf4022d882",
        "type": "github"
      },
      "original": {
        "owner": "nprindle",
        "repo": "nix-cron",
        "type": "github"
      }
    },
    "nixos-generators": {
      "inputs": {
        "nixpkgs": [
          "nixpkgs"
        ]
      },
      "locked": {
        "lastModified": 1621659760,
        "narHash": "sha256-HpwxNIfbfmDAneBterwUxEh35SiYSE8DtnXsf7gUcr0=",
        "owner": "nix-community",
        "repo": "nixos-generators",
        "rev": "23143c87be6b9b0181d2daf394abd98e2e13a420",
        "type": "github"
      },
      "original": {
        "owner": "nix-community",
        "repo": "nixos-generators",
        "type": "github"
      }
    },
    "nixos-hardware": {
      "locked": {
        "lastModified": 1620983891,
        "narHash": "sha256-E2OKVgGo/cUqDsrIeYGVx64b4cxgzd7+bX33NHL0rbA=",
        "owner": "NixOS",
        "repo": "nixos-hardware",
        "rev": "c4399b921fa7ff5f93ee10b3521b56b722ed74d8",
        "type": "github"
      },
      "original": {
        "owner": "NixOS",
        "repo": "nixos-hardware",
        "type": "github"
      }
    },
    "nixpkgs": {
      "locked": {
        "lastModified": 1620055814,
        "narHash": "sha256-8LEHoYSJiL901bTMVatq+rf8y7QtWuZhwwpKE2fyaRY=",
        "owner": "NixOS",
        "repo": "nixpkgs",
        "rev": "1db42b7fe3878f3f5f7a4f2dc210772fd080e205",
        "type": "github"
      },
      "original": {
        "id": "nixpkgs",
        "ref": "nixos-20.03-small",
        "type": "indirect"
      }
    },
    "nixpkgs-2009": {
      "locked": {
        "lastModified": 1619792299,
        "narHash": "sha256-hpg6wU0QLcNXj5/Nj8NT4p97R9SUGR8RBwjYNsMSKng=",
        "owner": "nixos",
        "repo": "nixpkgs",
        "rev": "be58d0fbaa401922a090735edfc08442aed69b47",
        "type": "github"
      },
      "original": {
        "owner": "nixos",
        "ref": "nixos-20.09",
        "repo": "nixpkgs",
        "type": "github"
      }
    },
    "nixpkgs-mozilla": {
      "flake": false,
      "locked": {
        "lastModified": 1603906276,
        "narHash": "sha256-RsNPnEKd7BcogwkqhaV5kI/HuNC4flH/OQCC/4W5y/8=",
        "owner": "mozilla",
        "repo": "nixpkgs-mozilla",
        "rev": "8c007b60731c07dd7a052cce508de3bb1ae849b4",
        "type": "github"
      },
      "original": {
        "owner": "mozilla",
        "repo": "nixpkgs-mozilla",
        "type": "github"
      }
    },
    "nixpkgs-wayland": {
      "inputs": {
        "cachix": "cachix",
        "nixpkgs": [
          "nixpkgs"
        ]
      },
      "locked": {
        "lastModified": 1619866955,
        "narHash": "sha256-eobMAU/JUaS7YBVihzCwU0WUXWcOgcu/0k15HPQrTZI=",
        "owner": "colemickens",
        "repo": "nixpkgs-wayland",
        "rev": "ea03cd05672deccc48a45384c9bb2e19cec36f1c",
        "type": "github"
      },
      "original": {
        "owner": "colemickens",
        "repo": "nixpkgs-wayland",
        "type": "github"
      }
    },
    "nixpkgs_2": {
      "locked": {
        "lastModified": 1621714816,
        "narHash": "sha256-u6Rhw+1uwaTXThZWuySv9JPXzNuKI9Fmj36g4kb2Ojc=",
        "owner": "NixOS",
        "repo": "nixpkgs",
        "rev": "278bcdce1f0da616661a6205161b13bd89a2f3bf",
        "type": "github"
      },
      "original": {
        "owner": "NixOS",
        "ref": "nixpkgs-unstable",
        "repo": "nixpkgs",
        "type": "github"
      }
    },
    "nord-dircolors-git": {
      "flake": false,
      "locked": {
        "lastModified": 1606638347,
        "narHash": "sha256-6A3h1R1+kZbCwouUshvRpUL3fVkkDuHCD+bz8Jbq4M0=",
        "owner": "arcticicestudio",
        "repo": "nord-dircolors",
        "rev": "35166d328992213194d7d02cd034e39da962f19e",
        "type": "github"
      },
      "original": {
        "owner": "arcticicestudio",
        "repo": "nord-dircolors",
        "type": "github"
      }
    },
    "nord-tmux-git": {
      "flake": false,
      "locked": {
        "lastModified": 1598381672,
        "narHash": "sha256-ihh0wgH4SjceaHtwcV7OyM11lnNhTCWTOS4MbBdmJ1E=",
        "owner": "arcticicestudio",
        "repo": "nord-tmux",
        "rev": "4e2dc2a5065f5e8e67366700f803c733682e8f8c",
        "type": "github"
      },
      "original": {
        "owner": "arcticicestudio",
        "repo": "nord-tmux",
        "type": "github"
      }
    },
    "nur": {
      "locked": {
        "lastModified": 1619885382,
        "narHash": "sha256-R1Y+eH+/+mnoWSRVG0/63aeS3mBAMCSJTpplYAYW4eY=",
        "owner": "nix-community",
        "repo": "NUR",
        "rev": "3e519734e483c9f346d7ef225edb9ea1799395e4",
        "type": "github"
      },
      "original": {
        "owner": "nix-community",
        "repo": "NUR",
        "type": "github"
      }
    },
    "nur_2": {
      "locked": {
        "lastModified": 1621962716,
        "narHash": "sha256-RV+J9Ypr8A7kFJ0lEXPvu8CM7h3Msc9Jyb9uUStrql8=",
        "owner": "nix-community",
        "repo": "NUR",
        "rev": "a26431fd3761e00246102460ddbfd2c4fbfc73c4",
        "type": "github"
      },
      "original": {
        "owner": "nix-community",
        "repo": "NUR",
        "type": "github"
      }
    },
    "root": {
      "inputs": {
        "cs2110-nix": "cs2110-nix",
        "fenix": "fenix",
        "flake-utils": "flake-utils_2",
        "gytis": "gytis",
        "home-manager": "home-manager_2",
        "naersk": "naersk",
        "neovim-git": "neovim-git",
        "nix-autobahn": "nix-autobahn",
        "nix-bundle": "nix-bundle",
        "nix-cron": "nix-cron",
        "nixos-generators": "nixos-generators",
        "nixos-hardware": "nixos-hardware",
        "nixpkgs": "nixpkgs_2",
        "nord-dircolors-git": "nord-dircolors-git",
        "nord-tmux-git": "nord-tmux-git",
        "nur": "nur_2",
        "sops-nix": "sops-nix"
      }
    },
    "rust-analyzer-src": {
      "flake": false,
      "locked": {
        "lastModified": 1621897123,
        "narHash": "sha256-6/cGDlEGYkj7qoCFWsS0WyUHpvB2ygfdsc/Bbx93BHc=",
        "owner": "rust-analyzer",
        "repo": "rust-analyzer",
        "rev": "6d473c0a8f6acecbae680b69528b3f88a31dc5fc",
        "type": "github"
      },
      "original": {
        "owner": "rust-analyzer",
        "ref": "nightly",
        "repo": "rust-analyzer",
        "type": "github"
      }
    },
    "rust-analyzer-src_2": {
      "flake": false,
      "locked": {
        "lastModified": 1621033839,
        "narHash": "sha256-QLKsmo7toh3VNW4H6Sng4m8tG2xXBQhS6fW2ZPtpOgc=",
        "owner": "rust-analyzer",
        "repo": "rust-analyzer",
        "rev": "87ef340c19ae5ac73fc9b1cd37909d9d8ad53d09",
        "type": "github"
      },
      "original": {
        "owner": "rust-analyzer",
        "ref": "nightly",
        "repo": "rust-analyzer",
        "type": "github"
      }
    },
    "sops-nix": {
      "inputs": {
        "nixpkgs": [
          "nixpkgs"
        ]
      },
      "locked": {
        "lastModified": 1618840526,
        "narHash": "sha256-3VAac44xE+kO8o7BQXLqHrAMUQT+XqIK8BcLkEEDwOA=",
        "owner": "Mic92",
        "repo": "sops-nix",
        "rev": "4f384662a85804fa2bc1bc1f99e70bb468e76f88",
        "type": "github"
      },
      "original": {
        "owner": "Mic92",
        "repo": "sops-nix",
        "type": "github"
      }
    },
    "utils": {
      "inputs": {
        "flake-utils": "flake-utils_4"
      },
      "locked": {
        "lastModified": 1619358717,
        "narHash": "sha256-FkEOIW82ClvUBtD8aqPediM8FERldsOyjPIyapVa65I=",
        "owner": "gytis-ivaskevicius",
        "repo": "flake-utils-plus",
        "rev": "e7ae270a23695b50fbb6b72759a7fb1e3340ca86",
        "type": "github"
      },
      "original": {
        "owner": "gytis-ivaskevicius",
        "repo": "flake-utils-plus",
        "type": "github"
      }
    }
  },
  "root": "root",
  "version": 7
}
