{
  "nodes": {
    "fenix": {
      "inputs": {
        "nixpkgs": [
          "nixpkgs"
        ],
        "rust-analyzer-src": "rust-analyzer-src"
      },
      "locked": {
        "lastModified": 1643869431,
        "narHash": "sha256-M+khM8s4Kz70q1jCpNX+Cx/YH6cZnn32yCW4udZMCVk=",
        "owner": "nix-community",
        "repo": "fenix",
        "rev": "2d64d0c1941b2b82d938e82790ea0e692889c23b",
        "type": "github"
      },
      "original": {
        "owner": "nix-community",
        "repo": "fenix",
        "type": "github"
      }
    },
    "flake-compat": {
      "flake": false,
      "locked": {
        "lastModified": 1627913399,
        "narHash": "sha256-hY8g6H2KFL8ownSiFeMOjwPC8P0ueXpCVEbxgda3pko=",
        "owner": "edolstra",
        "repo": "flake-compat",
        "rev": "12c64ca55c1014cdc1b16ed5a804aa8576601ff2",
        "type": "github"
      },
      "original": {
        "owner": "edolstra",
        "repo": "flake-compat",
        "type": "github"
      }
    },
    "flake-utils": {
      "locked": {
        "lastModified": 1642700792,
        "narHash": "sha256-XqHrk7hFb+zBvRg6Ghl+AZDq03ov6OshJLiSWOoX5es=",
        "owner": "numtide",
        "repo": "flake-utils",
        "rev": "846b2ae0fc4cc943637d3d1def4454213e203cba",
        "type": "github"
      },
      "original": {
        "owner": "numtide",
        "repo": "flake-utils",
        "type": "github"
      }
    },
    "home-manager": {
      "inputs": {
        "nixpkgs": [
          "nixpkgs"
        ]
      },
      "locked": {
        "lastModified": 1643837728,
        "narHash": "sha256-iW/5eMRQmzdctv2dAUlIaZnVWwcmaznNajS+ft1MXHg=",
        "owner": "nix-community",
        "repo": "home-manager",
        "rev": "9d369c75ce2fdeb296ad42bcdc8c1a523c494550",
        "type": "github"
      },
      "original": {
        "owner": "nix-community",
        "repo": "home-manager",
        "type": "github"
      }
    },
    "naersk": {
      "inputs": {
        "nixpkgs": [
          "nixpkgs"
        ]
      },
      "locked": {
        "lastModified": 1639947939,
        "narHash": "sha256-pGsM8haJadVP80GFq4xhnSpNitYNQpaXk4cnA796Cso=",
        "owner": "nmattia",
        "repo": "naersk",
        "rev": "2fc8ce9d3c025d59fee349c1f80be9785049d653",
        "type": "github"
      },
      "original": {
        "owner": "nmattia",
        "repo": "naersk",
        "type": "github"
      }
    },
    "nix-autobahn": {
      "inputs": {
        "fenix": [
          "fenix"
        ],
        "flake-utils": [
          "flake-utils"
        ],
        "naersk": [
          "naersk"
        ],
        "nixpkgs": [
          "nixpkgs"
        ]
      },
      "locked": {
        "lastModified": 1643443336,
        "narHash": "sha256-g/roVCKuVbkrHI3+5vk6m1gnJ2LksAM3b4Xv0Lbptcw=",
        "owner": "nprindle",
        "repo": "nix-autobahn",
        "rev": "51e982f610018d58279bbded32bbed6ce564803c",
        "type": "github"
      },
      "original": {
        "owner": "nprindle",
        "repo": "nix-autobahn",
        "type": "github"
      }
    },
    "nix-bundle": {
      "inputs": {
        "nixpkgs": "nixpkgs"
      },
      "locked": {
        "lastModified": 1626704917,
        "narHash": "sha256-cJ73kxY5ZCPWQeQZyCSdvkBqjqJkU5wgETBNaXfqF18=",
        "owner": "matthewbauer",
        "repo": "nix-bundle",
        "rev": "223f4ffc4179aa318c34dc873a08cb00090db829",
        "type": "github"
      },
      "original": {
        "owner": "matthewbauer",
        "repo": "nix-bundle",
        "type": "github"
      }
    },
    "nix-utils": {
      "inputs": {
        "fenix": [
          "fenix"
        ],
        "flake-utils": [
          "flake-utils"
        ],
        "naersk": [
          "naersk"
        ],
        "nixpkgs": [
          "nixpkgs"
        ]
      },
      "locked": {
        "lastModified": 1632205820,
        "narHash": "sha256-Rvs69pXWZKSsA7nFB1wwngG0KUJj+ekrAyvYLsTCPSs=",
        "owner": "nprindle",
        "repo": "nix-utils",
        "rev": "4725343543924acd8351dbc10e23abc1ed1bc29f",
        "type": "github"
      },
      "original": {
        "owner": "nprindle",
        "repo": "nix-utils",
        "type": "github"
      }
    },
    "nixlib": {
      "locked": {
        "lastModified": 1636849918,
        "narHash": "sha256-nzUK6dPcTmNVrgTAC1EOybSMsrcx+QrVPyqRdyKLkjA=",
        "owner": "nix-community",
        "repo": "nixpkgs.lib",
        "rev": "28a5b0557f14124608db68d3ee1f77e9329e9dd5",
        "type": "github"
      },
      "original": {
        "owner": "nix-community",
        "repo": "nixpkgs.lib",
        "type": "github"
      }
    },
    "nixos-generators": {
      "inputs": {
        "nixlib": "nixlib",
        "nixpkgs": [
          "nixpkgs"
        ]
      },
      "locked": {
        "lastModified": 1640542138,
        "narHash": "sha256-2f+Dslfzkuj0pgBl+70lkiTCg+U2Q0TcOikwxpsU+Fk=",
        "owner": "nix-community",
        "repo": "nixos-generators",
        "rev": "296067b9c7a172d294831dec89d86847f30a7cfc",
        "type": "github"
      },
      "original": {
        "owner": "nix-community",
        "repo": "nixos-generators",
        "type": "github"
      }
    },
    "nixos-hardware": {
      "locked": {
        "lastModified": 1643792182,
        "narHash": "sha256-GVWJfEnSv29CandD39b5z+iveiKC6Kvyo63mebquG6I=",
        "owner": "NixOS",
        "repo": "nixos-hardware",
        "rev": "57c7dfde9d1de3a6f35dc59447990cde4cd3e466",
        "type": "github"
      },
      "original": {
        "owner": "NixOS",
        "repo": "nixos-hardware",
        "type": "github"
      }
    },
    "nixos-wsl": {
      "inputs": {
        "flake-utils": [
          "flake-utils"
        ],
        "nixpkgs": [
          "nixpkgs"
        ]
      },
      "locked": {
        "lastModified": 1641826312,
        "narHash": "sha256-IX3XwP610pXeKjgYpSuNQlrCD1xmSSDsOk5duQbUtIY=",
        "owner": "nprindle",
        "repo": "NixOS-WSL",
        "rev": "a57a60ab8f3b3179da0223a24717dd2247cd7650",
        "type": "github"
      },
      "original": {
        "owner": "nprindle",
        "repo": "NixOS-WSL",
        "type": "github"
      }
    },
    "nixpkgs": {
      "locked": {
        "lastModified": 1620055814,
        "narHash": "sha256-8LEHoYSJiL901bTMVatq+rf8y7QtWuZhwwpKE2fyaRY=",
        "owner": "NixOS",
        "repo": "nixpkgs",
        "rev": "1db42b7fe3878f3f5f7a4f2dc210772fd080e205",
        "type": "github"
      },
      "original": {
        "id": "nixpkgs",
        "ref": "nixos-20.03-small",
        "type": "indirect"
      }
    },
    "nixpkgs-homepi": {
      "locked": {
        "lastModified": 1641135641,
        "narHash": "sha256-Vh7B9JTgsx9/0bH7YxLkj4DA/WraY3pnBH8Tc+490YM=",
        "owner": "NixOS",
        "repo": "nixpkgs",
        "rev": "61d24cba72831201efcab419f19b947cf63a2d61",
        "type": "github"
      },
      "original": {
        "owner": "NixOS",
        "repo": "nixpkgs",
        "rev": "61d24cba72831201efcab419f19b947cf63a2d61",
        "type": "github"
      }
    },
    "nixpkgs_2": {
      "locked": {
        "lastModified": 1643472818,
        "narHash": "sha256-qzVPxKDUubYIxKRSuDl/JgzXWSmGvUVYny9SxFMfPJM=",
        "owner": "NixOS",
        "repo": "nixpkgs",
        "rev": "7f65e4abd5ecaad12d2d26e4380d1a7d8edafea7",
        "type": "github"
      },
      "original": {
        "owner": "NixOS",
        "ref": "nixpkgs-unstable",
        "repo": "nixpkgs",
        "type": "github"
      }
    },
    "nvim-configs": {
      "inputs": {
        "flake-compat": "flake-compat",
        "flake-utils": [
          "flake-utils"
        ],
        "nixpkgs": [
          "nixpkgs"
        ]
      },
      "locked": {
        "lastModified": 1643919886,
        "narHash": "sha256-U5sIWv6QqdJZG2q76mpOmUuCNnzWzLinot45dQ8nr8c=",
        "owner": "nprindle",
        "repo": "nvim-configs",
        "rev": "c1e1bf1226fbd24a4e114cdfd2a5adf3a409e1df",
        "type": "github"
      },
      "original": {
        "owner": "nprindle",
        "repo": "nvim-configs",
        "type": "github"
      }
    },
    "root": {
      "inputs": {
        "fenix": "fenix",
        "flake-utils": "flake-utils",
        "home-manager": "home-manager",
        "naersk": "naersk",
        "nix-autobahn": "nix-autobahn",
        "nix-bundle": "nix-bundle",
        "nix-utils": "nix-utils",
        "nixos-generators": "nixos-generators",
        "nixos-hardware": "nixos-hardware",
        "nixos-wsl": "nixos-wsl",
        "nixpkgs": "nixpkgs_2",
        "nixpkgs-homepi": "nixpkgs-homepi",
        "nvim-configs": "nvim-configs",
        "sops-nix": "sops-nix"
      }
    },
    "rust-analyzer-src": {
      "flake": false,
      "locked": {
        "lastModified": 1643802160,
        "narHash": "sha256-m3V0VU1M8k0NBYoLaQZFVZaejtfWn2kLLXxZNnHuujk=",
        "owner": "rust-analyzer",
        "repo": "rust-analyzer",
        "rev": "9cb6e3a190f7781cb7e243837b47e6889d204d52",
        "type": "github"
      },
      "original": {
        "owner": "rust-analyzer",
        "ref": "nightly",
        "repo": "rust-analyzer",
        "type": "github"
      }
    },
    "sops-nix": {
      "inputs": {
        "nixpkgs": [
          "nixpkgs"
        ]
      },
      "locked": {
        "lastModified": 1643003126,
        "narHash": "sha256-JO5WrnP6+5qN3isdmm9VmjzvCM64UElgGnql7vEGjKU=",
        "owner": "Mic92",
        "repo": "sops-nix",
        "rev": "c86068ac9a317f235be24a468206f874ba00f8d0",
        "type": "github"
      },
      "original": {
        "owner": "Mic92",
        "repo": "sops-nix",
        "type": "github"
      }
    }
  },
  "root": "root",
  "version": 7
}
